// !$*UTF8*$!
{
	archiveVersion = 1;
	classes = {
	};
	objectVersion = 52;
	objects = {

/* Begin PBXBuildFile section */
		EB1A7FC025E61B8F0040BE7E /* AppDelegate.swift in Sources */ = {isa = PBXBuildFile; fileRef = EB1A7FBF25E61B8F0040BE7E /* AppDelegate.swift */; };
		EB1A7FC225E61B8F0040BE7E /* SceneDelegate.swift in Sources */ = {isa = PBXBuildFile; fileRef = EB1A7FC125E61B8F0040BE7E /* SceneDelegate.swift */; };
		EB1A7FC425E61B8F0040BE7E /* ViewController.swift in Sources */ = {isa = PBXBuildFile; fileRef = EB1A7FC325E61B8F0040BE7E /* ViewController.swift */; };
		EB1A7FC725E61B8F0040BE7E /* Main.storyboard in Resources */ = {isa = PBXBuildFile; fileRef = EB1A7FC525E61B8F0040BE7E /* Main.storyboard */; };
		EB1A7FC925E61B910040BE7E /* Assets.xcassets in Resources */ = {isa = PBXBuildFile; fileRef = EB1A7FC825E61B910040BE7E /* Assets.xcassets */; };
		EB1A7FCC25E61B910040BE7E /* LaunchScreen.storyboard in Resources */ = {isa = PBXBuildFile; fileRef = EB1A7FCA25E61B910040BE7E /* LaunchScreen.storyboard */; };
		EB1A7FD625E61CB50040BE7E /* DataModel.swift in Sources */ = {isa = PBXBuildFile; fileRef = EB1A7FD525E61CB50040BE7E /* DataModel.swift */; };
		EB1A7FDA25E61ECE0040BE7E /* GetData.swift in Sources */ = {isa = PBXBuildFile; fileRef = EB1A7FD925E61ECE0040BE7E /* GetData.swift */; };
		EB1A7FDF25E61F7A0040BE7E /* Alamofire in Frameworks */ = {isa = PBXBuildFile; productRef = EB1A7FDE25E61F7A0040BE7E /* Alamofire */; };
		EB1A7FE725E64B840040BE7E /* Endpoints.swift in Sources */ = {isa = PBXBuildFile; fileRef = EB1A7FE625E64B840040BE7E /* Endpoints.swift */; };
/* End PBXBuildFile section */

/* Begin PBXFileReference section */
		EB1A7FBC25E61B8F0040BE7E /* NetworkingPracticeMedium.app */ = {isa = PBXFileReference; explicitFileType = wrapper.application; includeInIndex = 0; path = NetworkingPracticeMedium.app; sourceTree = BUILT_PRODUCTS_DIR; };
		EB1A7FBF25E61B8F0040BE7E /* AppDelegate.swift */ = {isa = PBXFileReference; lastKnownFileType = sourcecode.swift; path = AppDelegate.swift; sourceTree = "<group>"; };
		EB1A7FC125E61B8F0040BE7E /* SceneDelegate.swift */ = {isa = PBXFileReference; lastKnownFileType = sourcecode.swift; path = SceneDelegate.swift; sourceTree = "<group>"; };
		EB1A7FC325E61B8F0040BE7E /* ViewController.swift */ = {isa = PBXFileReference; lastKnownFileType = sourcecode.swift; path = ViewController.swift; sourceTree = "<group>"; };
		EB1A7FC625E61B8F0040BE7E /* Base */ = {isa = PBXFileReference; lastKnownFileType = file.storyboard; name = Base; path = Base.lproj/Main.storyboard; sourceTree = "<group>"; };
		EB1A7FC825E61B910040BE7E /* Assets.xcassets */ = {isa = PBXFileReference; lastKnownFileType = folder.assetcatalog; path = Assets.xcassets; sourceTree = "<group>"; };
		EB1A7FCB25E61B910040BE7E /* Base */ = {isa = PBXFileReference; lastKnownFileType = file.storyboard; name = Base; path = Base.lproj/LaunchScreen.storyboard; sourceTree = "<group>"; };
		EB1A7FCD25E61B910040BE7E /* Info.plist */ = {isa = PBXFileReference; lastKnownFileType = text.plist.xml; path = Info.plist; sourceTree = "<group>"; };
		EB1A7FD525E61CB50040BE7E /* DataModel.swift */ = {isa = PBXFileReference; lastKnownFileType = sourcecode.swift; path = DataModel.swift; sourceTree = "<group>"; };
		EB1A7FD925E61ECE0040BE7E /* GetData.swift */ = {isa = PBXFileReference; lastKnownFileType = sourcecode.swift; path = GetData.swift; sourceTree = "<group>"; };
		EB1A7FE625E64B840040BE7E /* Endpoints.swift */ = {isa = PBXFileReference; lastKnownFileType = sourcecode.swift; path = Endpoints.swift; sourceTree = "<group>"; };
/* End PBXFileReference section */

/* Begin PBXFrameworksBuildPhase section */
		EB1A7FB925E61B8F0040BE7E /* Frameworks */ = {
			isa = PBXFrameworksBuildPhase;
			buildActionMask = 2147483647;
			files = (
				EB1A7FDF25E61F7A0040BE7E /* Alamofire in Frameworks */,
			);
			runOnlyForDeploymentPostprocessing = 0;
		};
/* End PBXFrameworksBuildPhase section */

/* Begin PBXGroup section */
		EB1A7FB325E61B8F0040BE7E = {
			isa = PBXGroup;
			children = (
				EB1A7FBE25E61B8F0040BE7E /* NetworkingPracticeMedium */,
				EB1A7FBD25E61B8F0040BE7E /* Products */,
			);
			sourceTree = "<group>";
		};
		EB1A7FBD25E61B8F0040BE7E /* Products */ = {
			isa = PBXGroup;
			children = (
				EB1A7FBC25E61B8F0040BE7E /* NetworkingPracticeMedium.app */,
			);
			name = Products;
			sourceTree = "<group>";
		};
		EB1A7FBE25E61B8F0040BE7E /* NetworkingPracticeMedium */ = {
			isa = PBXGroup;
			children = (
				EB1A7FE525E64B620040BE7E /* EndPoints */,
				EB1A7FE225E64A6A0040BE7E /* Controllers */,
				EB1A7FE125E64A5B0040BE7E /* Views */,
				EB1A7FD825E61E940040BE7E /* WebServicesAPICalls */,
				EB1A7FD425E61C9E0040BE7E /* Model */,
				EB1A7FBF25E61B8F0040BE7E /* AppDelegate.swift */,
				EB1A7FC125E61B8F0040BE7E /* SceneDelegate.swift */,
				EB1A7FC825E61B910040BE7E /* Assets.xcassets */,
				EB1A7FCD25E61B910040BE7E /* Info.plist */,
			);
			path = NetworkingPracticeMedium;
			sourceTree = "<group>";
		};
		EB1A7FD425E61C9E0040BE7E /* Model */ = {
			isa = PBXGroup;
			children = (
				EB1A7FD525E61CB50040BE7E /* DataModel.swift */,
			);
			path = Model;
			sourceTree = "<group>";
		};
		EB1A7FD825E61E940040BE7E /* WebServicesAPICalls */ = {
			isa = PBXGroup;
			children = (
				EB1A7FD925E61ECE0040BE7E /* GetData.swift */,
			);
			path = WebServicesAPICalls;
			sourceTree = "<group>";
		};
		EB1A7FE125E64A5B0040BE7E /* Views */ = {
			isa = PBXGroup;
			children = (
				EB1A7FCA25E61B910040BE7E /* LaunchScreen.storyboard */,
				EB1A7FC525E61B8F0040BE7E /* Main.storyboard */,
			);
			path = Views;
			sourceTree = "<group>";
		};
		EB1A7FE225E64A6A0040BE7E /* Controllers */ = {
			isa = PBXGroup;
			children = (
				EB1A7FC325E61B8F0040BE7E /* ViewController.swift */,
			);
			path = Controllers;
			sourceTree = "<group>";
		};
		EB1A7FE525E64B620040BE7E /* EndPoints */ = {
			isa = PBXGroup;
			children = (
				EB1A7FE625E64B840040BE7E /* Endpoints.swift */,
			);
			path = EndPoints;
			sourceTree = "<group>";
		};
/* End PBXGroup section */

/* Begin PBXNativeTarget section */
		EB1A7FBB25E61B8F0040BE7E /* NetworkingPracticeMedium */ = {
			isa = PBXNativeTarget;
			buildConfigurationList = EB1A7FD025E61B910040BE7E /* Build configuration list for PBXNativeTarget "NetworkingPracticeMedium" */;
			buildPhases = (
				EB1A7FB825E61B8F0040BE7E /* Sources */,
				EB1A7FB925E61B8F0040BE7E /* Frameworks */,
				EB1A7FBA25E61B8F0040BE7E /* Resources */,
			);
			buildRules = (
			);
			dependencies = (
			);
			name = NetworkingPracticeMedium;
			packageProductDependencies = (
				EB1A7FDE25E61F7A0040BE7E /* Alamofire */,
			);
			productName = NetworkingPracticeMedium;
			productReference = EB1A7FBC25E61B8F0040BE7E /* NetworkingPracticeMedium.app */;
			productType = "com.apple.product-type.application";
		};
/* End PBXNativeTarget section */

/* Begin PBXProject section */
		EB1A7FB425E61B8F0040BE7E /* Project object */ = {
			isa = PBXProject;
			attributes = {
				LastSwiftUpdateCheck = 1220;
				LastUpgradeCheck = 1220;
				TargetAttributes = {
					EB1A7FBB25E61B8F0040BE7E = {
						CreatedOnToolsVersion = 12.2;
					};
				};
			};
			buildConfigurationList = EB1A7FB725E61B8F0040BE7E /* Build configuration list for PBXProject "NetworkingPracticeMedium" */;
			compatibilityVersion = "Xcode 9.3";
			developmentRegion = en;
			hasScannedForEncodings = 0;
			knownRegions = (
				en,
				Base,
			);
			mainGroup = EB1A7FB325E61B8F0040BE7E;
			packageReferences = (
				EB1A7FDD25E61F7A0040BE7E /* XCRemoteSwiftPackageReference "Alamofire" */,
			);
			productRefGroup = EB1A7FBD25E61B8F0040BE7E /* Products */;
			projectDirPath = "";
			projectRoot = "";
			targets = (
				EB1A7FBB25E61B8F0040BE7E /* NetworkingPracticeMedium */,
			);
		};
/* End PBXProject section */

/* Begin PBXResourcesBuildPhase section */
		EB1A7FBA25E61B8F0040BE7E /* Resources */ = {
			isa = PBXResourcesBuildPhase;
			buildActionMask = 2147483647;
			files = (
				EB1A7FCC25E61B910040BE7E /* LaunchScreen.storyboard in Resources */,
				EB1A7FC925E61B910040BE7E /* Assets.xcassets in Resources */,
				EB1A7FC725E61B8F0040BE7E /* Main.storyboard in Resources */,
			);
			runOnlyForDeploymentPostprocessing = 0;
		};
/* End PBXResourcesBuildPhase section */

/* Begin PBXSourcesBuildPhase section */
		EB1A7FB825E61B8F0040BE7E /* Sources */ = {
			isa = PBXSourcesBuildPhase;
			buildActionMask = 2147483647;
			files = (
				EB1A7FC425E61B8F0040BE7E /* ViewController.swift in Sources */,
				EB1A7FD625E61CB50040BE7E /* DataModel.swift in Sources */,
				EB1A7FDA25E61ECE0040BE7E /* GetData.swift in Sources */,
				EB1A7FC025E61B8F0040BE7E /* AppDelegate.swift in Sources */,
				EB1A7FE725E64B840040BE7E /* Endpoints.swift in Sources */,
				EB1A7FC225E61B8F0040BE7E /* SceneDelegate.swift in Sources */,
			);
			runOnlyForDeploymentPostprocessing = 0;
		};
/* End PBXSourcesBuildPhase section */

/* Begin PBXVariantGroup section */
		EB1A7FC525E61B8F0040BE7E /* Main.storyboard */ = {
			isa = PBXVariantGroup;
			children = (
				EB1A7FC625E61B8F0040BE7E /* Base */,
			);
			name = Main.storyboard;
			sourceTree = "<group>";
		};
		EB1A7FCA25E61B910040BE7E /* LaunchScreen.storyboard */ = {
			isa = PBXVariantGroup;
			children = (
				EB1A7FCB25E61B910040BE7E /* Base */,
			);
			name = LaunchScreen.storyboard;
			sourceTree = "<group>";
		};
/* End PBXVariantGroup section */

/* Begin XCBuildConfiguration section */
		EB1A7FCE25E61B910040BE7E /* Debug */ = {
			isa = XCBuildConfiguration;
			buildSettings = {
				ALWAYS_SEARCH_USER_PATHS = NO;
				CLANG_ANALYZER_NONNULL = YES;
				CLANG_ANALYZER_NUMBER_OBJECT_CONVERSION = YES_AGGRESSIVE;
				CLANG_CXX_LANGUAGE_STANDARD = "gnu++14";
				CLANG_CXX_LIBRARY = "libc++";
				CLANG_ENABLE_MODULES = YES;
				CLANG_ENABLE_OBJC_ARC = YES;
				CLANG_ENABLE_OBJC_WEAK = YES;
				CLANG_WARN_BLOCK_CAPTURE_AUTORELEASING = YES;
				CLANG_WARN_BOOL_CONVERSION = YES;
				CLANG_WARN_COMMA = YES;
				CLANG_WARN_CONSTANT_CONVERSION = YES;
				CLANG_WARN_DEPRECATED_OBJC_IMPLEMENTATIONS = YES;
				CLANG_WARN_DIRECT_OBJC_ISA_USAGE = YES_ERROR;
				CLANG_WARN_DOCUMENTATION_COMMENTS = YES;
				CLANG_WARN_EMPTY_BODY = YES;
				CLANG_WARN_ENUM_CONVERSION = YES;
				CLANG_WARN_INFINITE_RECURSION = YES;
				CLANG_WARN_INT_CONVERSION = YES;
				CLANG_WARN_NON_LITERAL_NULL_CONVERSION = YES;
				CLANG_WARN_OBJC_IMPLICIT_RETAIN_SELF = YES;
				CLANG_WARN_OBJC_LITERAL_CONVERSION = YES;
				CLANG_WARN_OBJC_ROOT_CLASS = YES_ERROR;
				CLANG_WARN_QUOTED_INCLUDE_IN_FRAMEWORK_HEADER = YES;
				CLANG_WARN_RANGE_LOOP_ANALYSIS = YES;
				CLANG_WARN_STRICT_PROTOTYPES = YES;
				CLANG_WARN_SUSPICIOUS_MOVE = YES;
				CLANG_WARN_UNGUARDED_AVAILABILITY = YES_AGGRESSIVE;
				CLANG_WARN_UNREACHABLE_CODE = YES;
				CLANG_WARN__DUPLICATE_METHOD_MATCH = YES;
				COPY_PHASE_STRIP = NO;
				DEBUG_INFORMATION_FORMAT = dwarf;
				ENABLE_STRICT_OBJC_MSGSEND = YES;
				ENABLE_TESTABILITY = YES;
				GCC_C_LANGUAGE_STANDARD = gnu11;
				GCC_DYNAMIC_NO_PIC = NO;
				GCC_NO_COMMON_BLOCKS = YES;
				GCC_OPTIMIZATION_LEVEL = 0;
				GCC_PREPROCESSOR_DEFINITIONS = (
					"DEBUG=1",
					"$(inherited)",
				);
				GCC_WARN_64_TO_32_BIT_CONVERSION = YES;
				GCC_WARN_ABOUT_RETURN_TYPE = YES_ERROR;
				GCC_WARN_UNDECLARED_SELECTOR = YES;
				GCC_WARN_UNINITIALIZED_AUTOS = YES_AGGRESSIVE;
				GCC_WARN_UNUSED_FUNCTION = YES;
				GCC_WARN_UNUSED_VARIABLE = YES;
				IPHONEOS_DEPLOYMENT_TARGET = 14.2;
				MTL_ENABLE_DEBUG_INFO = INCLUDE_SOURCE;
				MTL_FAST_MATH = YES;
				ONLY_ACTIVE_ARCH = YES;
				SDKROOT = iphoneos;
				SWIFT_ACTIVE_COMPILATION_CONDITIONS = DEBUG;
				SWIFT_OPTIMIZATION_LEVEL = "-Onone";
			};
			name = Debug;
		};
		EB1A7FCF25E61B910040BE7E /* Release */ = {
			isa = XCBuildConfiguration;
			buildSettings = {
				ALWAYS_SEARCH_USER_PATHS = NO;
				CLANG_ANALYZER_NONNULL = YES;
				CLANG_ANALYZER_NUMBER_OBJECT_CONVERSION = YES_AGGRESSIVE;
				CLANG_CXX_LANGUAGE_STANDARD = "gnu++14";
				CLANG_CXX_LIBRARY = "libc++";
				CLANG_ENABLE_MODULES = YES;
				CLANG_ENABLE_OBJC_ARC = YES;
				CLANG_ENABLE_OBJC_WEAK = YES;
				CLANG_WARN_BLOCK_CAPTURE_AUTORELEASING = YES;
				CLANG_WARN_BOOL_CONVERSION = YES;
				CLANG_WARN_COMMA = YES;
				CLANG_WARN_CONSTANT_CONVERSION = YES;
				CLANG_WARN_DEPRECATED_OBJC_IMPLEMENTATIONS = YES;
				CLANG_WARN_DIRECT_OBJC_ISA_USAGE = YES_ERROR;
				CLANG_WARN_DOCUMENTATION_COMMENTS = YES;
				CLANG_WARN_EMPTY_BODY = YES;
				CLANG_WARN_ENUM_CONVERSION = YES;
				CLANG_WARN_INFINITE_RECURSION = YES;
				CLANG_WARN_INT_CONVERSION = YES;
				CLANG_WARN_NON_LITERAL_NULL_CONVERSION = YES;
				CLANG_WARN_OBJC_IMPLICIT_RETAIN_SELF = YES;
				CLANG_WARN_OBJC_LITERAL_CONVERSION = YES;
				CLANG_WARN_OBJC_ROOT_CLASS = YES_ERROR;
				CLANG_WARN_QUOTED_INCLUDE_IN_FRAMEWORK_HEADER = YES;
				CLANG_WARN_RANGE_LOOP_ANALYSIS = YES;
				CLANG_WARN_STRICT_PROTOTYPES = YES;
				CLANG_WARN_SUSPICIOUS_MOVE = YES;
				CLANG_WARN_UNGUARDED_AVAILABILITY = YES_AGGRESSIVE;
				CLANG_WARN_UNREACHABLE_CODE = YES;
				CLANG_WARN__DUPLICATE_METHOD_MATCH = YES;
				COPY_PHASE_STRIP = NO;
				DEBUG_INFORMATION_FORMAT = "dwarf-with-dsym";
				ENABLE_NS_ASSERTIONS = NO;
				ENABLE_STRICT_OBJC_MSGSEND = YES;
				GCC_C_LANGUAGE_STANDARD = gnu11;
				GCC_NO_COMMON_BLOCKS = YES;
				GCC_WARN_64_TO_32_BIT_CONVERSION = YES;
				GCC_WARN_ABOUT_RETURN_TYPE = YES_ERROR;
				GCC_WARN_UNDECLARED_SELECTOR = YES;
				GCC_WARN_UNINITIALIZED_AUTOS = YES_AGGRESSIVE;
				GCC_WARN_UNUSED_FUNCTION = YES;
				GCC_WARN_UNUSED_VARIABLE = YES;
				IPHONEOS_DEPLOYMENT_TARGET = 14.2;
				MTL_ENABLE_DEBUG_INFO = NO;
				MTL_FAST_MATH = YES;
				SDKROOT = iphoneos;
				SWIFT_COMPILATION_MODE = wholemodule;
				SWIFT_OPTIMIZATION_LEVEL = "-O";
				VALIDATE_PRODUCT = YES;
			};
			name = Release;
		};
		EB1A7FD125E61B910040BE7E /* Debug */ = {
			isa = XCBuildConfiguration;
			buildSettings = {
				ASSETCATALOG_COMPILER_APPICON_NAME = AppIcon;
				ASSETCATALOG_COMPILER_GLOBAL_ACCENT_COLOR_NAME = AccentColor;
				CODE_SIGN_STYLE = Automatic;
				DEVELOPMENT_TEAM = K924X73642;
				INFOPLIST_FILE = NetworkingPracticeMedium/Info.plist;
				LD_RUNPATH_SEARCH_PATHS = (
					"$(inherited)",
					"@executable_path/Frameworks",
				);
				PRODUCT_BUNDLE_IDENTIFIER = com.tanvirgeek.NetworkingPracticeMedium;
				PRODUCT_NAME = "$(TARGET_NAME)";
				SWIFT_VERSION = 5.0;
				TARGETED_DEVICE_FAMILY = "1,2";
			};
			name = Debug;
		};
		EB1A7FD225E61B910040BE7E /* Release */ = {
			isa = XCBuildConfiguration;
			buildSettings = {
				ASSETCATALOG_COMPILER_APPICON_NAME = AppIcon;
				ASSETCATALOG_COMPILER_GLOBAL_ACCENT_COLOR_NAME = AccentColor;
				CODE_SIGN_STYLE = Automatic;
				DEVELOPMENT_TEAM = K924X73642;
				INFOPLIST_FILE = NetworkingPracticeMedium/Info.plist;
				LD_RUNPATH_SEARCH_PATHS = (
					"$(inherited)",
					"@executable_path/Frameworks",
				);
				PRODUCT_BUNDLE_IDENTIFIER = com.tanvirgeek.NetworkingPracticeMedium;
				PRODUCT_NAME = "$(TARGET_NAME)";
				SWIFT_VERSION = 5.0;
				TARGETED_DEVICE_FAMILY = "1,2";
			};
			name = Release;
		};
/* End XCBuildConfiguration section */

/* Begin XCConfigurationList section */
		EB1A7FB725E61B8F0040BE7E /* Build configuration list for PBXProject "NetworkingPracticeMedium" */ = {
			isa = XCConfigurationList;
			buildConfigurations = (
				EB1A7FCE25E61B910040BE7E /* Debug */,
				EB1A7FCF25E61B910040BE7E /* Release */,
			);
			defaultConfigurationIsVisible = 0;
			defaultConfigurationName = Release;
		};
		EB1A7FD025E61B910040BE7E /* Build configuration list for PBXNativeTarget "NetworkingPracticeMedium" */ = {
			isa = XCConfigurationList;
			buildConfigurations = (
				EB1A7FD125E61B910040BE7E /* Debug */,
				EB1A7FD225E61B910040BE7E /* Release */,
			);
			defaultConfigurationIsVisible = 0;
			defaultConfigurationName = Release;
		};
/* End XCConfigurationList section */

/* Begin XCRemoteSwiftPackageReference section */
		EB1A7FDD25E61F7A0040BE7E /* XCRemoteSwiftPackageReference "Alamofire" */ = {
			isa = XCRemoteSwiftPackageReference;
			repositoryURL = "https://github.com/Alamofire/Alamofire";
			requirement = {
				kind = upToNextMajorVersion;
				minimumVersion = 5.4.1;
			};
		};
/* End XCRemoteSwiftPackageReference section */

/* Begin XCSwiftPackageProductDependency section */
		EB1A7FDE25E61F7A0040BE7E /* Alamofire */ = {
			isa = XCSwiftPackageProductDependency;
			package = EB1A7FDD25E61F7A0040BE7E /* XCRemoteSwiftPackageReference "Alamofire" */;
			productName = Alamofire;
		};
/* End XCSwiftPackageProductDependency section */
	};
	rootObject = EB1A7FB425E61B8F0040BE7E /* Project object */;
}
